DEPENDENCIES
  apt
  runit
    path: .
    metadata: true
  runit_other_test
    path: test/cookbooks/runit_other_test
  runit_test
    path: test/cookbooks/runit_test
  yum-epel

GRAPH
  apt (2.7.0)
  packagecloud (0.0.18)
  runit (1.6.1)
    packagecloud (>= 0.0.0)
  runit_other_test (1.0.0)
  runit_test (1.0.1)
    runit (>= 0.0.0)
    runit_other_test (>= 0.0.0)
  yum (3.6.1)
  yum-epel (0.6.0)
    yum (~> 3.0)
