DEPENDENCIES
  apt (~> 2.0)
  homebrew (~> 1.12)
  java
    path: .
    metadata: true
  test_java
    path: test/fixtures/cookbooks/test_java
  windows (~> 1.12)
  yum (~> 3.3)

GRAPH
  apt (2.6.1)
  build-essential (2.2.3)
  chef_handler (1.1.6)
  homebrew (1.13.0)
    build-essential (>= 2.1.2)
  java (1.35.0)
  test_java (0.1.0)
  windows (1.36.1)
    chef_handler (>= 0.0.0)
  yum (3.5.2)
